
Microsoft Visual Studio Solution File, Format Version 12.00
# Visual Studio 15
Project("{FAE04EC0-301F-11D3-BF4B-00C04F79EFBC}") = "UniGLTF", "UniGLTF.csproj", "{7B446F06-588E-4DC5-A342-1E421F576902}"
EndProject
Project("{FAE04EC0-301F-11D3-BF4B-00C04F79EFBC}") = "VRM.Tests", "VRM.Tests.csproj", "{F2743473-AC7F-4EF3-BA12-DA4F7947EFBA}"
EndProject
Project("{FAE04EC0-301F-11D3-BF4B-00C04F79EFBC}") = "VRM", "VRM.csproj", "{2F5D31F0-E6C3-836D-5994-FBE6629B31EF}"
EndProject
Project("{FAE04EC0-301F-11D3-BF4B-00C04F79EFBC}") = "UniGLTF.Editor", "UniGLTF.Editor.csproj", "{E85B18D0-5989-A3C9-6346-7E11BE79903E}"
EndProject
Project("{FAE04EC0-301F-11D3-BF4B-00C04F79EFBC}") = "UniGLTF.Tests", "UniGLTF.Tests.csproj", "{81B7459B-1815-5037-C27E-22FAAC911A7D}"
EndProject
Project("{FAE04EC0-301F-11D3-BF4B-00C04F79EFBC}") = "UniVRM.Editor", "UniVRM.Editor.csproj", "{74A89DC0-D190-9448-B15C-884B8E1588AE}"
EndProject
Project("{FAE04EC0-301F-11D3-BF4B-00C04F79EFBC}") = "SpringBoneJobs", "SpringBoneJobs.csproj", "{8396ABCE-8BAB-4737-6E56-D66A67B6C295}"
EndProject
Project("{FAE04EC0-301F-11D3-BF4B-00C04F79EFBC}") = "UniGLTF.Utils", "UniGLTF.Utils.csproj", "{B689A280-2E11-3682-EF0E-EB4EE41F70A0}"
EndProject
Project("{FAE04EC0-301F-11D3-BF4B-00C04F79EFBC}") = "UniGLTF.UniUnlit.Editor", "UniGLTF.UniUnlit.Editor.csproj", "{FF408EF5-1BB1-FEF3-F937-FC97612C35C3}"
EndProject
Project("{FAE04EC0-301F-11D3-BF4B-00C04F79EFBC}") = "UniHumanoid", "UniHumanoid.csproj", "{665FABA4-7EB8-47C8-DFAC-01A89366EB5B}"
EndProject
Project("{FAE04EC0-301F-11D3-BF4B-00C04F79EFBC}") = "VRM.Samples.Editor.Tests", "VRM.Samples.Editor.Tests.csproj", "{549D474F-6C38-256F-E99E-35C67C3A78DB}"
EndProject
Project("{FAE04EC0-301F-11D3-BF4B-00C04F79EFBC}") = "MToon.Editor", "MToon.Editor.csproj", "{A7A8CBAE-F2FF-94EB-208A-3FCBAC9C3220}"
EndProject
Project("{FAE04EC0-301F-11D3-BF4B-00C04F79EFBC}") = "UniHumanoid.Editor", "UniHumanoid.Editor.csproj", "{C70B5A95-21B9-A558-47E1-2D25529C4AAF}"
EndProject
Project("{FAE04EC0-301F-11D3-BF4B-00C04F79EFBC}") = "MToon", "MToon.csproj", "{FE740593-F45B-38C5-AB0A-66E7C02E3A07}"
EndProject
Project("{FAE04EC0-301F-11D3-BF4B-00C04F79EFBC}") = "UniHumanoid.Editor.Tests", "UniHumanoid.Editor.Tests.csproj", "{69E02913-C1F2-B01B-B76B-F84DD053667F}"
EndProject
Project("{FAE04EC0-301F-11D3-BF4B-00C04F79EFBC}") = "Assembly-CSharp", "Assembly-CSharp.csproj", "{6527BC7B-A781-5EDE-BCC8-17929DA51302}"
EndProject
Project("{FAE04EC0-301F-11D3-BF4B-00C04F79EFBC}") = "Assembly-CSharp-Editor", "Assembly-CSharp-Editor.csproj", "{CD558969-6D2D-1FEC-A971-F72F792D3D27}"
EndProject
Project("{FAE04EC0-301F-11D3-BF4B-00C04F79EFBC}") = "UniGLTF.UniUnlit", "UniGLTF.UniUnlit.csproj", "{75B72166-88BC-05B0-7D16-431B329D7016}"
EndProject
Global
	GlobalSection(SolutionConfigurationPlatforms) = preSolution
		Debug|Any CPU = Debug|Any CPU
		Release|Any CPU = Release|Any CPU
	EndGlobalSection
	GlobalSection(ProjectConfigurationPlatforms) = postSolution
		{7B446F06-588E-4DC5-A342-1E421F576902}.Debug|Any CPU.ActiveCfg = Debug|Any CPU
		{7B446F06-588E-4DC5-A342-1E421F576902}.Debug|Any CPU.Build.0 = Debug|Any CPU
		{7B446F06-588E-4DC5-A342-1E421F576902}.Release|Any CPU.ActiveCfg = Release|Any CPU
		{7B446F06-588E-4DC5-A342-1E421F576902}.Release|Any CPU.Build.0 = Release|Any CPU
		{F2743473-AC7F-4EF3-BA12-DA4F7947EFBA}.Debug|Any CPU.ActiveCfg = Debug|Any CPU
		{F2743473-AC7F-4EF3-BA12-DA4F7947EFBA}.Debug|Any CPU.Build.0 = Debug|Any CPU
		{F2743473-AC7F-4EF3-BA12-DA4F7947EFBA}.Release|Any CPU.ActiveCfg = Release|Any CPU
		{F2743473-AC7F-4EF3-BA12-DA4F7947EFBA}.Release|Any CPU.Build.0 = Release|Any CPU
		{2F5D31F0-E6C3-836D-5994-FBE6629B31EF}.Debug|Any CPU.ActiveCfg = Debug|Any CPU
		{2F5D31F0-E6C3-836D-5994-FBE6629B31EF}.Debug|Any CPU.Build.0 = Debug|Any CPU
		{2F5D31F0-E6C3-836D-5994-FBE6629B31EF}.Release|Any CPU.ActiveCfg = Release|Any CPU
		{2F5D31F0-E6C3-836D-5994-FBE6629B31EF}.Release|Any CPU.Build.0 = Release|Any CPU
		{E85B18D0-5989-A3C9-6346-7E11BE79903E}.Debug|Any CPU.ActiveCfg = Debug|Any CPU
		{E85B18D0-5989-A3C9-6346-7E11BE79903E}.Debug|Any CPU.Build.0 = Debug|Any CPU
		{E85B18D0-5989-A3C9-6346-7E11BE79903E}.Release|Any CPU.ActiveCfg = Release|Any CPU
		{E85B18D0-5989-A3C9-6346-7E11BE79903E}.Release|Any CPU.Build.0 = Release|Any CPU
		{81B7459B-1815-5037-C27E-22FAAC911A7D}.Debug|Any CPU.ActiveCfg = Debug|Any CPU
		{81B7459B-1815-5037-C27E-22FAAC911A7D}.Debug|Any CPU.Build.0 = Debug|Any CPU
		{81B7459B-1815-5037-C27E-22FAAC911A7D}.Release|Any CPU.ActiveCfg = Release|Any CPU
		{81B7459B-1815-5037-C27E-22FAAC911A7D}.Release|Any CPU.Build.0 = Release|Any CPU
		{74A89DC0-D190-9448-B15C-884B8E1588AE}.Debug|Any CPU.ActiveCfg = Debug|Any CPU
		{74A89DC0-D190-9448-B15C-884B8E1588AE}.Debug|Any CPU.Build.0 = Debug|Any CPU
		{74A89DC0-D190-9448-B15C-884B8E1588AE}.Release|Any CPU.ActiveCfg = Release|Any CPU
		{74A89DC0-D190-9448-B15C-884B8E1588AE}.Release|Any CPU.Build.0 = Release|Any CPU
		{8396ABCE-8BAB-4737-6E56-D66A67B6C295}.Debug|Any CPU.ActiveCfg = Debug|Any CPU
		{8396ABCE-8BAB-4737-6E56-D66A67B6C295}.Debug|Any CPU.Build.0 = Debug|Any CPU
		{8396ABCE-8BAB-4737-6E56-D66A67B6C295}.Release|Any CPU.ActiveCfg = Release|Any CPU
		{8396ABCE-8BAB-4737-6E56-D66A67B6C295}.Release|Any CPU.Build.0 = Release|Any CPU
		{B689A280-2E11-3682-EF0E-EB4EE41F70A0}.Debug|Any CPU.ActiveCfg = Debug|Any CPU
		{B689A280-2E11-3682-EF0E-EB4EE41F70A0}.Debug|Any CPU.Build.0 = Debug|Any CPU
		{B689A280-2E11-3682-EF0E-EB4EE41F70A0}.Release|Any CPU.ActiveCfg = Release|Any CPU
		{B689A280-2E11-3682-EF0E-EB4EE41F70A0}.Release|Any CPU.Build.0 = Release|Any CPU
		{FF408EF5-1BB1-FEF3-F937-FC97612C35C3}.Debug|Any CPU.ActiveCfg = Debug|Any CPU
		{FF408EF5-1BB1-FEF3-F937-FC97612C35C3}.Debug|Any CPU.Build.0 = Debug|Any CPU
		{FF408EF5-1BB1-FEF3-F937-FC97612C35C3}.Release|Any CPU.ActiveCfg = Release|Any CPU
		{FF408EF5-1BB1-FEF3-F937-FC97612C35C3}.Release|Any CPU.Build.0 = Release|Any CPU
		{665FABA4-7EB8-47C8-DFAC-01A89366EB5B}.Debug|Any CPU.ActiveCfg = Debug|Any CPU
		{665FABA4-7EB8-47C8-DFAC-01A89366EB5B}.Debug|Any CPU.Build.0 = Debug|Any CPU
		{665FABA4-7EB8-47C8-DFAC-01A89366EB5B}.Release|Any CPU.ActiveCfg = Release|Any CPU
		{665FABA4-7EB8-47C8-DFAC-01A89366EB5B}.Release|Any CPU.Build.0 = Release|Any CPU
		{549D474F-6C38-256F-E99E-35C67C3A78DB}.Debug|Any CPU.ActiveCfg = Debug|Any CPU
		{549D474F-6C38-256F-E99E-35C67C3A78DB}.Debug|Any CPU.Build.0 = Debug|Any CPU
		{549D474F-6C38-256F-E99E-35C67C3A78DB}.Release|Any CPU.ActiveCfg = Release|Any CPU
		{549D474F-6C38-256F-E99E-35C67C3A78DB}.Release|Any CPU.Build.0 = Release|Any CPU
		{A7A8CBAE-F2FF-94EB-208A-3FCBAC9C3220}.Debug|Any CPU.ActiveCfg = Debug|Any CPU
		{A7A8CBAE-F2FF-94EB-208A-3FCBAC9C3220}.Debug|Any CPU.Build.0 = Debug|Any CPU
		{A7A8CBAE-F2FF-94EB-208A-3FCBAC9C3220}.Release|Any CPU.ActiveCfg = Release|Any CPU
		{A7A8CBAE-F2FF-94EB-208A-3FCBAC9C3220}.Release|Any CPU.Build.0 = Release|Any CPU
		{C70B5A95-21B9-A558-47E1-2D25529C4AAF}.Debug|Any CPU.ActiveCfg = Debug|Any CPU
		{C70B5A95-21B9-A558-47E1-2D25529C4AAF}.Debug|Any CPU.Build.0 = Debug|Any CPU
		{C70B5A95-21B9-A558-47E1-2D25529C4AAF}.Release|Any CPU.ActiveCfg = Release|Any CPU
		{C70B5A95-21B9-A558-47E1-2D25529C4AAF}.Release|Any CPU.Build.0 = Release|Any CPU
		{FE740593-F45B-38C5-AB0A-66E7C02E3A07}.Debug|Any CPU.ActiveCfg = Debug|Any CPU
		{FE740593-F45B-38C5-AB0A-66E7C02E3A07}.Debug|Any CPU.Build.0 = Debug|Any CPU
		{FE740593-F45B-38C5-AB0A-66E7C02E3A07}.Release|Any CPU.ActiveCfg = Release|Any CPU
		{FE740593-F45B-38C5-AB0A-66E7C02E3A07}.Release|Any CPU.Build.0 = Release|Any CPU
		{69E02913-C1F2-B01B-B76B-F84DD053667F}.Debug|Any CPU.ActiveCfg = Debug|Any CPU
		{69E02913-C1F2-B01B-B76B-F84DD053667F}.Debug|Any CPU.Build.0 = Debug|Any CPU
		{69E02913-C1F2-B01B-B76B-F84DD053667F}.Release|Any CPU.ActiveCfg = Release|Any CPU
		{69E02913-C1F2-B01B-B76B-F84DD053667F}.Release|Any CPU.Build.0 = Release|Any CPU
		{6527BC7B-A781-5EDE-BCC8-17929DA51302}.Debug|Any CPU.ActiveCfg = Debug|Any CPU
		{6527BC7B-A781-5EDE-BCC8-17929DA51302}.Debug|Any CPU.Build.0 = Debug|Any CPU
		{6527BC7B-A781-5EDE-BCC8-17929DA51302}.Release|Any CPU.ActiveCfg = Release|Any CPU
		{6527BC7B-A781-5EDE-BCC8-17929DA51302}.Release|Any CPU.Build.0 = Release|Any CPU
		{CD558969-6D2D-1FEC-A971-F72F792D3D27}.Debug|Any CPU.ActiveCfg = Debug|Any CPU
		{CD558969-6D2D-1FEC-A971-F72F792D3D27}.Debug|Any CPU.Build.0 = Debug|Any CPU
		{CD558969-6D2D-1FEC-A971-F72F792D3D27}.Release|Any CPU.ActiveCfg = Release|Any CPU
		{CD558969-6D2D-1FEC-A971-F72F792D3D27}.Release|Any CPU.Build.0 = Release|Any CPU
		{75B72166-88BC-05B0-7D16-431B329D7016}.Debug|Any CPU.ActiveCfg = Debug|Any CPU
		{75B72166-88BC-05B0-7D16-431B329D7016}.Debug|Any CPU.Build.0 = Debug|Any CPU
		{75B72166-88BC-05B0-7D16-431B329D7016}.Release|Any CPU.ActiveCfg = Release|Any CPU
		{75B72166-88BC-05B0-7D16-431B329D7016}.Release|Any CPU.Build.0 = Release|Any CPU
	EndGlobalSection
	GlobalSection(SolutionProperties) = preSolution
		HideSolutionNode = FALSE
	EndGlobalSection
EndGlobal
